
Microsoft Visual Studio Solution File, Format Version 12.00
# Visual Studio Version 16
VisualStudioVersion = 16.0.28803.452
MinimumVisualStudioVersion = 10.0.40219.1
Project("{FAE04EC0-301F-11D3-BF4B-00C04F79EFBC}") = "UserControlLac", "UserControlLac\UserControlLac.csproj", "{A295E0F2-8904-4D06-976B-CC7F204CA1BD}"
EndProject
Global
	GlobalSection(SolutionConfigurationPlatforms) = preSolution
		Debug|Any CPU = Debug|Any CPU
		Release|Any CPU = Release|Any CPU
	EndGlobalSection
	GlobalSection(ProjectConfigurationPlatforms) = postSolution
		{A295E0F2-8904-4D06-976B-CC7F204CA1BD}.Debug|Any CPU.ActiveCfg = Debug|Any CPU
		{A295E0F2-8904-4D06-976B-CC7F204CA1BD}.Debug|Any CPU.Build.0 = Debug|Any CPU
		{A295E0F2-8904-4D06-976B-CC7F204CA1BD}.Release|Any CPU.ActiveCfg = Release|Any CPU
		{A295E0F2-8904-4D06-976B-CC7F204CA1BD}.Release|Any CPU.Build.0 = Release|Any CPU
	EndGlobalSection
	GlobalSection(SolutionProperties) = preSolution
		HideSolutionNode = FALSE
	EndGlobalSection
	GlobalSection(ExtensibilityGlobals) = postSolution
		SolutionGuid = {0051FD81-E6B2-4577-A4BA-E4E9DFF143C8}
	EndGlobalSection
EndGlobal
