
Microsoft Visual Studio Solution File, Format Version 12.00
# Visual Studio Version 16
VisualStudioVersion = 16.0.28803.452
MinimumVisualStudioVersion = 10.0.40219.1
Project("{FAE04EC0-301F-11D3-BF4B-00C04F79EFBC}") = "UserControlCarotte", "UserControlCarotte\UserControlCarotte.csproj", "{995A7FEC-D939-4FEB-AE12-6DFE5DB840A3}"
EndProject
Global
	GlobalSection(SolutionConfigurationPlatforms) = preSolution
		Debug|Any CPU = Debug|Any CPU
		Release|Any CPU = Release|Any CPU
	EndGlobalSection
	GlobalSection(ProjectConfigurationPlatforms) = postSolution
		{995A7FEC-D939-4FEB-AE12-6DFE5DB840A3}.Debug|Any CPU.ActiveCfg = Debug|Any CPU
		{995A7FEC-D939-4FEB-AE12-6DFE5DB840A3}.Debug|Any CPU.Build.0 = Debug|Any CPU
		{995A7FEC-D939-4FEB-AE12-6DFE5DB840A3}.Release|Any CPU.ActiveCfg = Release|Any CPU
		{995A7FEC-D939-4FEB-AE12-6DFE5DB840A3}.Release|Any CPU.Build.0 = Release|Any CPU
	EndGlobalSection
	GlobalSection(SolutionProperties) = preSolution
		HideSolutionNode = FALSE
	EndGlobalSection
	GlobalSection(ExtensibilityGlobals) = postSolution
		SolutionGuid = {E72D7329-B71E-4D6A-B053-AAEAE1091709}
	EndGlobalSection
EndGlobal
